
Microsoft Visual Studio Solution File, Format Version 12.00
# Visual Studio 15
VisualStudioVersion = 15.0.27130.2024
MinimumVisualStudioVersion = 10.0.40219.1
Project("{FAE04EC0-301F-11D3-BF4B-00C04F79EFBC}") = "jogo-xadrez", "ConsoleApp1\jogo-xadrez.csproj", "{8827A035-2031-4A33-AC32-5B142BE69080}"
EndProject
Global
	GlobalSection(SolutionConfigurationPlatforms) = preSolution
		Debug|Any CPU = Debug|Any CPU
		Release|Any CPU = Release|Any CPU
	EndGlobalSection
	GlobalSection(ProjectConfigurationPlatforms) = postSolution
		{8827A035-2031-4A33-AC32-5B142BE69080}.Debug|Any CPU.ActiveCfg = Debug|Any CPU
		{8827A035-2031-4A33-AC32-5B142BE69080}.Debug|Any CPU.Build.0 = Debug|Any CPU
		{8827A035-2031-4A33-AC32-5B142BE69080}.Release|Any CPU.ActiveCfg = Release|Any CPU
		{8827A035-2031-4A33-AC32-5B142BE69080}.Release|Any CPU.Build.0 = Release|Any CPU
	EndGlobalSection
	GlobalSection(SolutionProperties) = preSolution
		HideSolutionNode = FALSE
	EndGlobalSection
	GlobalSection(ExtensibilityGlobals) = postSolution
		SolutionGuid = {D273A9FD-6EE6-4542-ACE5-87674D0505C7}
	EndGlobalSection
EndGlobal
